<?xml version="1.0" encoding="utf-8"?>
<Project ToolsVersion="4.0" xmlns="http://schemas.microsoft.com/developer/msbuild/2003">
  <ItemGroup>
    <Filter Include="Source Files">
      <UniqueIdentifier>{4FC737F1-C7A5-4376-A066-2A32D752A2FF}</UniqueIdentifier>
      <Extensions>cpp;c;cc;cxx;def;odl;idl;hpj;bat;asm;asmx</Extensions>
    </Filter>
    <Filter Include="Header Files">
      <UniqueIdentifier>{93995380-89BD-4b04-88EB-625FBE52EBFB}</UniqueIdentifier>
      <Extensions>h;hpp;hxx;hm;inl;inc;xsd</Extensions>
    </Filter>
    <Filter Include="Resource Files">
      <UniqueIdentifier>{67DA6AB6-F800-4c08-8B7A-83BB121AAD01}</UniqueIdentifier>
      <Extensions>rc;ico;cur;bmp;dlg;rc2;rct;bin;rgs;gif;jpg;jpeg;jpe;resx;tiff;tif;png;wav;mfcribbon-ms</Extensions>
    </Filter>
  </ItemGroup>
  <ItemGroup>
    <ClCompile Include="..\source\Main.cpp">
      <Filter>Source Files</Filter>
    </ClCompile>
    <ClCompile Include="..\source\Unit.cpp">
      <Filter>Source Files</Filter>
    </ClCompile>
    <ClCompile Include="..\source\GameSystem.cpp">
      <Filter>Source Files</Filter>
    </ClCompile>
    <ClCompile Include="..\source\Pattern.cpp">
      <Filter>Source Files</Filter>
    </ClCompile>
    <ClCompile Include="..\source\Player.cpp">
      <Filter>Source Files</Filter>
    </ClCompile>
    <ClCompile Include="..\source\Bullet.cpp">
      <Filter>Source Files</Filter>
    </ClCompile>
    <ClCompile Include="..\source\Parser.cpp">
      <Filter>Source Files</Filter>
    </ClCompile>
    <ClCompile Include="..\source\Action.cpp">
      <Filter>Source Files</Filter>
    </ClCompile>
    <ClCompile Include="..\source\Behavior.cpp">
      <Filter>Source Files</Filter>
    </ClCompile>
    <ClCompile Include="..\source\BehaviorStep.cpp">
      <Filter>Source Files</Filter>
    </ClCompile>
    <ClCompile Include="..\source\LevelSystem.cpp">
      <Filter>Source Files</Filter>
    </ClCompile>
    <ClCompile Include="..\source\Boss.cpp">
      <Filter>Source Files</Filter>
    </ClCompile>
    <ClCompile Include="..\source\Powerup.cpp">
      <Filter>Source Files</Filter>
    </ClCompile>
    <ClCompile Include="..\source\PlayerWeapon.cpp">
      <Filter>Source Files</Filter>
    </ClCompile>
    <ClCompile Include="..\source\HighScores.cpp">
      <Filter>Source Files</Filter>
    </ClCompile>
  </ItemGroup>
  <ItemGroup>
    <ClInclude Include="..\source\Unit.h">
      <Filter>Header Files</Filter>
    </ClInclude>
    <ClInclude Include="..\source\GameSystem.h">
      <Filter>Header Files</Filter>
    </ClInclude>
    <ClInclude Include="..\source\Bullet.h">
      <Filter>Header Files</Filter>
    </ClInclude>
    <ClInclude Include="..\source\Player.h">
      <Filter>Header Files</Filter>
    </ClInclude>
    <ClInclude Include="..\source\Parser.h">
      <Filter>Header Files</Filter>
    </ClInclude>
    <ClInclude Include="..\source\Pattern.h">
      <Filter>Header Files</Filter>
    </ClInclude>
    <ClInclude Include="..\source\LevelSystem.h">
      <Filter>Header Files</Filter>
    </ClInclude>
    <ClInclude Include="..\source\Action.h">
      <Filter>Header Files</Filter>
    </ClInclude>
    <ClInclude Include="..\source\Behavior.h">
      <Filter>Header Files</Filter>
    </ClInclude>
    <ClInclude Include="..\source\BehaviorStep.h">
      <Filter>Header Files</Filter>
    </ClInclude>
    <ClInclude Include="..\source\Boss.h">
      <Filter>Header Files</Filter>
    </ClInclude>
    <ClInclude Include="..\source\Powerup.h">
      <Filter>Header Files</Filter>
    </ClInclude>
    <ClInclude Include="..\source\PlayerWeapon.h">
      <Filter>Header Files</Filter>
    </ClInclude>
    <ClInclude Include="..\source\HighScores.h">
      <Filter>Header Files</Filter>
    </ClInclude>
  </ItemGroup>
  <ItemGroup>
    <None Include="..\data\phys\box.png">
      <Filter>Resource Files</Filter>
    </None>
    <None Include="..\data\phys\wall.png">
      <Filter>Resource Files</Filter>
    </None>
    <None Include="..\data\anim\blue.png">
      <Filter>Resource Files</Filter>
    </None>
    <None Include="..\data\anim\soldier.png">
      <Filter>Resource Files</Filter>
    </None>
    <None Include="..\data\anim\soldier_full.png">
      <Filter>Resource Files</Filter>
    </None>
    <None Include="..\data\anim\troll.png">
      <Filter>Resource Files</Filter>
    </None>
    <None Include="..\bin\Interaction.ini">
      <Filter>Resource Files</Filter>
    </None>
    <None Include="..\bin\MainMenu.ini">
      <Filter>Resource Files</Filter>
    </None>
    <None Include="..\bin\orx_d.ini">
      <Filter>Resource Files</Filter>
    </None>
    <None Include="..\bin\StaticScene.ini">
      <Filter>Resource Files</Filter>
    </None>
    <None Include="..\bin\VisualHitBox.ini">
      <Filter>Resource Files</Filter>
    </None>
  </ItemGroup>
</Project>